
Microsoft Visual Studio Solution File, Format Version 12.00
# Visual Studio 15
VisualStudioVersion = 15.0.28010.2041
MinimumVisualStudioVersion = 10.0.40219.1
Project("{FAE04EC0-301F-11D3-BF4B-00C04F79EFBC}") = "Leap year", "Leap year\Leap year.csproj", "{D436129A-3AF6-45A0-9726-D4DFBB675247}"
EndProject
Global
	GlobalSection(SolutionConfigurationPlatforms) = preSolution
		Debug|Any CPU = Debug|Any CPU
		Release|Any CPU = Release|Any CPU
	EndGlobalSection
	GlobalSection(ProjectConfigurationPlatforms) = postSolution
		{D436129A-3AF6-45A0-9726-D4DFBB675247}.Debug|Any CPU.ActiveCfg = Debug|Any CPU
		{D436129A-3AF6-45A0-9726-D4DFBB675247}.Debug|Any CPU.Build.0 = Debug|Any CPU
		{D436129A-3AF6-45A0-9726-D4DFBB675247}.Release|Any CPU.ActiveCfg = Release|Any CPU
		{D436129A-3AF6-45A0-9726-D4DFBB675247}.Release|Any CPU.Build.0 = Release|Any CPU
	EndGlobalSection
	GlobalSection(SolutionProperties) = preSolution
		HideSolutionNode = FALSE
	EndGlobalSection
	GlobalSection(ExtensibilityGlobals) = postSolution
		SolutionGuid = {DF37D5FE-C8A4-4988-A21C-999B4EE19BBA}
	EndGlobalSection
EndGlobal
